// !$*UTF8*$!
{
	archiveVersion = 1;
	classes = {
	};
	objectVersion = 46;
	objects = {

/* Begin PBXBuildFile section */
		25E13F7E1EB6550F00581F9D /* AppDelegate.swift in Sources */ = {isa = PBXBuildFile; fileRef = 25E13F7D1EB6550F00581F9D /* AppDelegate.swift */; };
		25E13F801EB6550F00581F9D /* ViewController.swift in Sources */ = {isa = PBXBuildFile; fileRef = 25E13F7F1EB6550F00581F9D /* ViewController.swift */; };
		25E13F831EB6550F00581F9D /* Main.storyboard in Resources */ = {isa = PBXBuildFile; fileRef = 25E13F811EB6550F00581F9D /* Main.storyboard */; };
		25E13F851EB6550F00581F9D /* Assets.xcassets in Resources */ = {isa = PBXBuildFile; fileRef = 25E13F841EB6550F00581F9D /* Assets.xcassets */; };
		25E13F881EB6550F00581F9D /* LaunchScreen.storyboard in Resources */ = {isa = PBXBuildFile; fileRef = 25E13F861EB6550F00581F9D /* LaunchScreen.storyboard */; };
		25E13F931EB6550F00581F9D /* FirstSwiftTests.swift in Sources */ = {isa = PBXBuildFile; fileRef = 25E13F921EB6550F00581F9D /* FirstSwiftTests.swift */; };
		25E13F9E1EB6550F00581F9D /* FirstSwiftUITests.swift in Sources */ = {isa = PBXBuildFile; fileRef = 25E13F9D1EB6550F00581F9D /* FirstSwiftUITests.swift */; };
/* End PBXBuildFile section */

/* Begin PBXContainerItemProxy section */
		25E13F8F1EB6550F00581F9D /* PBXContainerItemProxy */ = {
			isa = PBXContainerItemProxy;
			containerPortal = 25E13F721EB6550F00581F9D /* Project object */;
			proxyType = 1;
			remoteGlobalIDString = 25E13F791EB6550F00581F9D;
			remoteInfo = FirstSwift;
		};
		25E13F9A1EB6550F00581F9D /* PBXContainerItemProxy */ = {
			isa = PBXContainerItemProxy;
			containerPortal = 25E13F721EB6550F00581F9D /* Project object */;
			proxyType = 1;
			remoteGlobalIDString = 25E13F791EB6550F00581F9D;
			remoteInfo = FirstSwift;
		};
/* End PBXContainerItemProxy section */

/* Begin PBXFileReference section */
		25E13F7A1EB6550F00581F9D /* FirstSwift.app */ = {isa = PBXFileReference; explicitFileType = wrapper.application; includeInIndex = 0; path = FirstSwift.app; sourceTree = BUILT_PRODUCTS_DIR; };
		25E13F7D1EB6550F00581F9D /* AppDelegate.swift */ = {isa = PBXFileReference; lastKnownFileType = sourcecode.swift; path = AppDelegate.swift; sourceTree = "<group>"; };
		25E13F7F1EB6550F00581F9D /* ViewController.swift */ = {isa = PBXFileReference; lastKnownFileType = sourcecode.swift; path = ViewController.swift; sourceTree = "<group>"; };
		25E13F821EB6550F00581F9D /* Base */ = {isa = PBXFileReference; lastKnownFileType = file.storyboard; name = Base; path = Base.lproj/Main.storyboard; sourceTree = "<group>"; };
		25E13F841EB6550F00581F9D /* Assets.xcassets */ = {isa = PBXFileReference; lastKnownFileType = folder.assetcatalog; path = Assets.xcassets; sourceTree = "<group>"; };
		25E13F871EB6550F00581F9D /* Base */ = {isa = PBXFileReference; lastKnownFileType = file.storyboard; name = Base; path = Base.lproj/LaunchScreen.storyboard; sourceTree = "<group>"; };
		25E13F891EB6550F00581F9D /* Info.plist */ = {isa = PBXFileReference; lastKnownFileType = text.plist.xml; path = Info.plist; sourceTree = "<group>"; };
		25E13F8E1EB6550F00581F9D /* FirstSwiftTests.xctest */ = {isa = PBXFileReference; explicitFileType = wrapper.cfbundle; includeInIndex = 0; path = FirstSwiftTests.xctest; sourceTree = BUILT_PRODUCTS_DIR; };
		25E13F921EB6550F00581F9D /* FirstSwiftTests.swift */ = {isa = PBXFileReference; lastKnownFileType = sourcecode.swift; path = FirstSwiftTests.swift; sourceTree = "<group>"; };
		25E13F941EB6550F00581F9D /* Info.plist */ = {isa = PBXFileReference; lastKnownFileType = text.plist.xml; path = Info.plist; sourceTree = "<group>"; };
		25E13F991EB6550F00581F9D /* FirstSwiftUITests.xctest */ = {isa = PBXFileReference; explicitFileType = wrapper.cfbundle; includeInIndex = 0; path = FirstSwiftUITests.xctest; sourceTree = BUILT_PRODUCTS_DIR; };
		25E13F9D1EB6550F00581F9D /* FirstSwiftUITests.swift */ = {isa = PBXFileReference; lastKnownFileType = sourcecode.swift; path = FirstSwiftUITests.swift; sourceTree = "<group>"; };
		25E13F9F1EB6550F00581F9D /* Info.plist */ = {isa = PBXFileReference; lastKnownFileType = text.plist.xml; path = Info.plist; sourceTree = "<group>"; };
/* End PBXFileReference section */

/* Begin PBXFrameworksBuildPhase section */
		25E13F771EB6550F00581F9D /* Frameworks */ = {
			isa = PBXFrameworksBuildPhase;
			buildActionMask = 2147483647;
			files = (
			);
			runOnlyForDeploymentPostprocessing = 0;
		};
		25E13F8B1EB6550F00581F9D /* Frameworks */ = {
			isa = PBXFrameworksBuildPhase;
			buildActionMask = 2147483647;
			files = (
			);
			runOnlyForDeploymentPostprocessing = 0;
		};
		25E13F961EB6550F00581F9D /* Frameworks */ = {
			isa = PBXFrameworksBuildPhase;
			buildActionMask = 2147483647;
			files = (
			);
			runOnlyForDeploymentPostprocessing = 0;
		};
/* End PBXFrameworksBuildPhase section */

/* Begin PBXGroup section */
		25E13F711EB6550F00581F9D = {
			isa = PBXGroup;
			children = (
				25E13F7C1EB6550F00581F9D /* FirstSwift */,
				25E13F911EB6550F00581F9D /* FirstSwiftTests */,
				25E13F9C1EB6550F00581F9D /* FirstSwiftUITests */,
				25E13F7B1EB6550F00581F9D /* Products */,
			);
			sourceTree = "<group>";
		};
		25E13F7B1EB6550F00581F9D /* Products */ = {
			isa = PBXGroup;
			children = (
				25E13F7A1EB6550F00581F9D /* FirstSwift.app */,
				25E13F8E1EB6550F00581F9D /* FirstSwiftTests.xctest */,
				25E13F991EB6550F00581F9D /* FirstSwiftUITests.xctest */,
			);
			name = Products;
			sourceTree = "<group>";
		};
		25E13F7C1EB6550F00581F9D /* FirstSwift */ = {
			isa = PBXGroup;
			children = (
				25E13F7D1EB6550F00581F9D /* AppDelegate.swift */,
				25E13F7F1EB6550F00581F9D /* ViewController.swift */,
				25E13F811EB6550F00581F9D /* Main.storyboard */,
				25E13F841EB6550F00581F9D /* Assets.xcassets */,
				25E13F861EB6550F00581F9D /* LaunchScreen.storyboard */,
				25E13F891EB6550F00581F9D /* Info.plist */,
			);
			path = FirstSwift;
			sourceTree = "<group>";
		};
		25E13F911EB6550F00581F9D /* FirstSwiftTests */ = {
			isa = PBXGroup;
			children = (
				25E13F921EB6550F00581F9D /* FirstSwiftTests.swift */,
				25E13F941EB6550F00581F9D /* Info.plist */,
			);
			path = FirstSwiftTests;
			sourceTree = "<group>";
		};
		25E13F9C1EB6550F00581F9D /* FirstSwiftUITests */ = {
			isa = PBXGroup;
			children = (
				25E13F9D1EB6550F00581F9D /* FirstSwiftUITests.swift */,
				25E13F9F1EB6550F00581F9D /* Info.plist */,
			);
			path = FirstSwiftUITests;
			sourceTree = "<group>";
		};
/* End PBXGroup section */

/* Begin PBXNativeTarget section */
		25E13F791EB6550F00581F9D /* FirstSwift */ = {
			isa = PBXNativeTarget;
			buildConfigurationList = 25E13FA21EB6550F00581F9D /* Build configuration list for PBXNativeTarget "FirstSwift" */;
			buildPhases = (
				25E13F761EB6550F00581F9D /* Sources */,
				25E13F771EB6550F00581F9D /* Frameworks */,
				25E13F781EB6550F00581F9D /* Resources */,
			);
			buildRules = (
			);
			dependencies = (
			);
			name = FirstSwift;
			productName = FirstSwift;
			productReference = 25E13F7A1EB6550F00581F9D /* FirstSwift.app */;
			productType = "com.apple.product-type.application";
		};
		25E13F8D1EB6550F00581F9D /* FirstSwiftTests */ = {
			isa = PBXNativeTarget;
			buildConfigurationList = 25E13FA51EB6550F00581F9D /* Build configuration list for PBXNativeTarget "FirstSwiftTests" */;
			buildPhases = (
				25E13F8A1EB6550F00581F9D /* Sources */,
				25E13F8B1EB6550F00581F9D /* Frameworks */,
				25E13F8C1EB6550F00581F9D /* Resources */,
			);
			buildRules = (
			);
			dependencies = (
				25E13F901EB6550F00581F9D /* PBXTargetDependency */,
			);
			name = FirstSwiftTests;
			productName = FirstSwiftTests;
			productReference = 25E13F8E1EB6550F00581F9D /* FirstSwiftTests.xctest */;
			productType = "com.apple.product-type.bundle.unit-test";
		};
		25E13F981EB6550F00581F9D /* FirstSwiftUITests */ = {
			isa = PBXNativeTarget;
			buildConfigurationList = 25E13FA81EB6550F00581F9D /* Build configuration list for PBXNativeTarget "FirstSwiftUITests" */;
			buildPhases = (
				25E13F951EB6550F00581F9D /* Sources */,
				25E13F961EB6550F00581F9D /* Frameworks */,
				25E13F971EB6550F00581F9D /* Resources */,
			);
			buildRules = (
			);
			dependencies = (
				25E13F9B1EB6550F00581F9D /* PBXTargetDependency */,
			);
			name = FirstSwiftUITests;
			productName = FirstSwiftUITests;
			productReference = 25E13F991EB6550F00581F9D /* FirstSwiftUITests.xctest */;
			productType = "com.apple.product-type.bundle.ui-testing";
		};
/* End PBXNativeTarget section */

/* Begin PBXProject section */
		25E13F721EB6550F00581F9D /* Project object */ = {
			isa = PBXProject;
			attributes = {
				LastSwiftUpdateCheck = 0830;
				LastUpgradeCheck = 0830;
				ORGANIZATIONNAME = chendehui;
				TargetAttributes = {
					25E13F791EB6550F00581F9D = {
						CreatedOnToolsVersion = 8.3.2;
						ProvisioningStyle = Automatic;
					};
					25E13F8D1EB6550F00581F9D = {
						CreatedOnToolsVersion = 8.3.2;
						ProvisioningStyle = Automatic;
						TestTargetID = 25E13F791EB6550F00581F9D;
					};
					25E13F981EB6550F00581F9D = {
						CreatedOnToolsVersion = 8.3.2;
						ProvisioningStyle = Automatic;
						TestTargetID = 25E13F791EB6550F00581F9D;
					};
				};
			};
			buildConfigurationList = 25E13F751EB6550F00581F9D /* Build configuration list for PBXProject "FirstSwift" */;
			compatibilityVersion = "Xcode 3.2";
			developmentRegion = English;
			hasScannedForEncodings = 0;
			knownRegions = (
				en,
				Base,
			);
			mainGroup = 25E13F711EB6550F00581F9D;
			productRefGroup = 25E13F7B1EB6550F00581F9D /* Products */;
			projectDirPath = "";
			projectRoot = "";
			targets = (
				25E13F791EB6550F00581F9D /* FirstSwift */,
				25E13F8D1EB6550F00581F9D /* FirstSwiftTests */,
				25E13F981EB6550F00581F9D /* FirstSwiftUITests */,
			);
		};
/* End PBXProject section */

/* Begin PBXResourcesBuildPhase section */
		25E13F781EB6550F00581F9D /* Resources */ = {
			isa = PBXResourcesBuildPhase;
			buildActionMask = 2147483647;
			files = (
				25E13F881EB6550F00581F9D /* LaunchScreen.storyboard in Resources */,
				25E13F851EB6550F00581F9D /* Assets.xcassets in Resources */,
				25E13F831EB6550F00581F9D /* Main.storyboard in Resources */,
			);
			runOnlyForDeploymentPostprocessing = 0;
		};
		25E13F8C1EB6550F00581F9D /* Resources */ = {
			isa = PBXResourcesBuildPhase;
			buildActionMask = 2147483647;
			files = (
			);
			runOnlyForDeploymentPostprocessing = 0;
		};
		25E13F971EB6550F00581F9D /* Resources */ = {
			isa = PBXResourcesBuildPhase;
			buildActionMask = 2147483647;
			files = (
			);
			runOnlyForDeploymentPostprocessing = 0;
		};
/* End PBXResourcesBuildPhase section */

/* Begin PBXSourcesBuildPhase section */
		25E13F761EB6550F00581F9D /* Sources */ = {
			isa = PBXSourcesBuildPhase;
			buildActionMask = 2147483647;
			files = (
				25E13F801EB6550F00581F9D /* ViewController.swift in Sources */,
				25E13F7E1EB6550F00581F9D /* AppDelegate.swift in Sources */,
			);
			runOnlyForDeploymentPostprocessing = 0;
		};
		25E13F8A1EB6550F00581F9D /* Sources */ = {
			isa = PBXSourcesBuildPhase;
			buildActionMask = 2147483647;
			files = (
				25E13F931EB6550F00581F9D /* FirstSwiftTests.swift in Sources */,
			);
			runOnlyForDeploymentPostprocessing = 0;
		};
		25E13F951EB6550F00581F9D /* Sources */ = {
			isa = PBXSourcesBuildPhase;
			buildActionMask = 2147483647;
			files = (
				25E13F9E1EB6550F00581F9D /* FirstSwiftUITests.swift in Sources */,
			);
			runOnlyForDeploymentPostprocessing = 0;
		};
/* End PBXSourcesBuildPhase section */

/* Begin PBXTargetDependency section */
		25E13F901EB6550F00581F9D /* PBXTargetDependency */ = {
			isa = PBXTargetDependency;
			target = 25E13F791EB6550F00581F9D /* FirstSwift */;
			targetProxy = 25E13F8F1EB6550F00581F9D /* PBXContainerItemProxy */;
		};
		25E13F9B1EB6550F00581F9D /* PBXTargetDependency */ = {
			isa = PBXTargetDependency;
			target = 25E13F791EB6550F00581F9D /* FirstSwift */;
			targetProxy = 25E13F9A1EB6550F00581F9D /* PBXContainerItemProxy */;
		};
/* End PBXTargetDependency section */

/* Begin PBXVariantGroup section */
		25E13F811EB6550F00581F9D /* Main.storyboard */ = {
			isa = PBXVariantGroup;
			children = (
				25E13F821EB6550F00581F9D /* Base */,
			);
			name = Main.storyboard;
			sourceTree = "<group>";
		};
		25E13F861EB6550F00581F9D /* LaunchScreen.storyboard */ = {
			isa = PBXVariantGroup;
			children = (
				25E13F871EB6550F00581F9D /* Base */,
			);
			name = LaunchScreen.storyboard;
			sourceTree = "<group>";
		};
/* End PBXVariantGroup section */

/* Begin XCBuildConfiguration section */
		25E13FA01EB6550F00581F9D /* Debug */ = {
			isa = XCBuildConfiguration;
			buildSettings = {
				ALWAYS_SEARCH_USER_PATHS = NO;
				CLANG_ANALYZER_NONNULL = YES;
				CLANG_ANALYZER_NUMBER_OBJECT_CONVERSION = YES_AGGRESSIVE;
				CLANG_CXX_LANGUAGE_STANDARD = "gnu++0x";
				CLANG_CXX_LIBRARY = "libc++";
				CLANG_ENABLE_MODULES = YES;
				CLANG_ENABLE_OBJC_ARC = YES;
				CLANG_WARN_BOOL_CONVERSION = YES;
				CLANG_WARN_CONSTANT_CONVERSION = YES;
				CLANG_WARN_DIRECT_OBJC_ISA_USAGE = YES_ERROR;
				CLANG_WARN_DOCUMENTATION_COMMENTS = YES;
				CLANG_WARN_EMPTY_BODY = YES;
				CLANG_WARN_ENUM_CONVERSION = YES;
				CLANG_WARN_INFINITE_RECURSION = YES;
				CLANG_WARN_INT_CONVERSION = YES;
				CLANG_WARN_OBJC_ROOT_CLASS = YES_ERROR;
				CLANG_WARN_SUSPICIOUS_MOVE = YES;
				CLANG_WARN_UNREACHABLE_CODE = YES;
				CLANG_WARN__DUPLICATE_METHOD_MATCH = YES;
				"CODE_SIGN_IDENTITY[sdk=iphoneos*]" = "iPhone Developer";
				COPY_PHASE_STRIP = NO;
				DEBUG_INFORMATION_FORMAT = dwarf;
				ENABLE_STRICT_OBJC_MSGSEND = YES;
				ENABLE_TESTABILITY = YES;
				GCC_C_LANGUAGE_STANDARD = gnu99;
				GCC_DYNAMIC_NO_PIC = NO;
				GCC_NO_COMMON_BLOCKS = YES;
				GCC_OPTIMIZATION_LEVEL = 0;
				GCC_PREPROCESSOR_DEFINITIONS = (
					"DEBUG=1",
					"$(inherited)",
				);
				GCC_WARN_64_TO_32_BIT_CONVERSION = YES;
				GCC_WARN_ABOUT_RETURN_TYPE = YES_ERROR;
				GCC_WARN_UNDECLARED_SELECTOR = YES;
				GCC_WARN_UNINITIALIZED_AUTOS = YES_AGGRESSIVE;
				GCC_WARN_UNUSED_FUNCTION = YES;
				GCC_WARN_UNUSED_VARIABLE = YES;
				IPHONEOS_DEPLOYMENT_TARGET = 10.3;
				MTL_ENABLE_DEBUG_INFO = YES;
				ONLY_ACTIVE_ARCH = YES;
				SDKROOT = iphoneos;
				SWIFT_ACTIVE_COMPILATION_CONDITIONS = DEBUG;
				SWIFT_OPTIMIZATION_LEVEL = "-Onone";
			};
			name = Debug;
		};
		25E13FA11EB6550F00581F9D /* Release */ = {
			isa = XCBuildConfiguration;
			buildSettings = {
				ALWAYS_SEARCH_USER_PATHS = NO;
				CLANG_ANALYZER_NONNULL = YES;
				CLANG_ANALYZER_NUMBER_OBJECT_CONVERSION = YES_AGGRESSIVE;
				CLANG_CXX_LANGUAGE_STANDARD = "gnu++0x";
				CLANG_CXX_LIBRARY = "libc++";
				CLANG_ENABLE_MODULES = YES;
				CLANG_ENABLE_OBJC_ARC = YES;
				CLANG_WARN_BOOL_CONVERSION = YES;
				CLANG_WARN_CONSTANT_CONVERSION = YES;
				CLANG_WARN_DIRECT_OBJC_ISA_USAGE = YES_ERROR;
				CLANG_WARN_DOCUMENTATION_COMMENTS = YES;
				CLANG_WARN_EMPTY_BODY = YES;
				CLANG_WARN_ENUM_CONVERSION = YES;
				CLANG_WARN_INFINITE_RECURSION = YES;
				CLANG_WARN_INT_CONVERSION = YES;
				CLANG_WARN_OBJC_ROOT_CLASS = YES_ERROR;
				CLANG_WARN_SUSPICIOUS_MOVE = YES;
				CLANG_WARN_UNREACHABLE_CODE = YES;
				CLANG_WARN__DUPLICATE_METHOD_MATCH = YES;
				"CODE_SIGN_IDENTITY[sdk=iphoneos*]" = "iPhone Developer";
				COPY_PHASE_STRIP = NO;
				DEBUG_INFORMATION_FORMAT = "dwarf-with-dsym";
				ENABLE_NS_ASSERTIONS = NO;
				ENABLE_STRICT_OBJC_MSGSEND = YES;
				GCC_C_LANGUAGE_STANDARD = gnu99;
				GCC_NO_COMMON_BLOCKS = YES;
				GCC_WARN_64_TO_32_BIT_CONVERSION = YES;
				GCC_WARN_ABOUT_RETURN_TYPE = YES_ERROR;
				GCC_WARN_UNDECLARED_SELECTOR = YES;
				GCC_WARN_UNINITIALIZED_AUTOS = YES_AGGRESSIVE;
				GCC_WARN_UNUSED_FUNCTION = YES;
				GCC_WARN_UNUSED_VARIABLE = YES;
				IPHONEOS_DEPLOYMENT_TARGET = 10.3;
				MTL_ENABLE_DEBUG_INFO = NO;
				SDKROOT = iphoneos;
				SWIFT_OPTIMIZATION_LEVEL = "-Owholemodule";
				VALIDATE_PRODUCT = YES;
			};
			name = Release;
		};
		25E13FA31EB6550F00581F9D /* Debug */ = {
			isa = XCBuildConfiguration;
			buildSettings = {
				ASSETCATALOG_COMPILER_APPICON_NAME = AppIcon;
				INFOPLIST_FILE = FirstSwift/Info.plist;
				LD_RUNPATH_SEARCH_PATHS = "$(inherited) @executable_path/Frameworks";
				PRODUCT_BUNDLE_IDENTIFIER = com.chendehui.FirstSwift;
				PRODUCT_NAME = "$(TARGET_NAME)";
				SWIFT_VERSION = 3.0;
			};
			name = Debug;
		};
		25E13FA41EB6550F00581F9D /* Release */ = {
			isa = XCBuildConfiguration;
			buildSettings = {
				ASSETCATALOG_COMPILER_APPICON_NAME = AppIcon;
				INFOPLIST_FILE = FirstSwift/Info.plist;
				LD_RUNPATH_SEARCH_PATHS = "$(inherited) @executable_path/Frameworks";
				PRODUCT_BUNDLE_IDENTIFIER = com.chendehui.FirstSwift;
				PRODUCT_NAME = "$(TARGET_NAME)";
				SWIFT_VERSION = 3.0;
			};
			name = Release;
		};
		25E13FA61EB6550F00581F9D /* Debug */ = {
			isa = XCBuildConfiguration;
			buildSettings = {
				ALWAYS_EMBED_SWIFT_STANDARD_LIBRARIES = YES;
				BUNDLE_LOADER = "$(TEST_HOST)";
				INFOPLIST_FILE = FirstSwiftTests/Info.plist;
				LD_RUNPATH_SEARCH_PATHS = "$(inherited) @executable_path/Frameworks @loader_path/Frameworks";
				PRODUCT_BUNDLE_IDENTIFIER = com.chendehui.FirstSwiftTests;
				PRODUCT_NAME = "$(TARGET_NAME)";
				SWIFT_VERSION = 3.0;
				TEST_HOST = "$(BUILT_PRODUCTS_DIR)/FirstSwift.app/FirstSwift";
			};
			name = Debug;
		};
		25E13FA71EB6550F00581F9D /* Release */ = {
			isa = XCBuildConfiguration;
			buildSettings = {
				ALWAYS_EMBED_SWIFT_STANDARD_LIBRARIES = YES;
				BUNDLE_LOADER = "$(TEST_HOST)";
				INFOPLIST_FILE = FirstSwiftTests/Info.plist;
				LD_RUNPATH_SEARCH_PATHS = "$(inherited) @executable_path/Frameworks @loader_path/Frameworks";
				PRODUCT_BUNDLE_IDENTIFIER = com.chendehui.FirstSwiftTests;
				PRODUCT_NAME = "$(TARGET_NAME)";
				SWIFT_VERSION = 3.0;
				TEST_HOST = "$(BUILT_PRODUCTS_DIR)/FirstSwift.app/FirstSwift";
			};
			name = Release;
		};
		25E13FA91EB6550F00581F9D /* Debug */ = {
			isa = XCBuildConfiguration;
			buildSettings = {
				ALWAYS_EMBED_SWIFT_STANDARD_LIBRARIES = YES;
				INFOPLIST_FILE = FirstSwiftUITests/Info.plist;
				LD_RUNPATH_SEARCH_PATHS = "$(inherited) @executable_path/Frameworks @loader_path/Frameworks";
				PRODUCT_BUNDLE_IDENTIFIER = com.chendehui.FirstSwiftUITests;
				PRODUCT_NAME = "$(TARGET_NAME)";
				SWIFT_VERSION = 3.0;
				TEST_TARGET_NAME = FirstSwift;
			};
			name = Debug;
		};
		25E13FAA1EB6550F00581F9D /* Release */ = {
			isa = XCBuildConfiguration;
			buildSettings = {
				ALWAYS_EMBED_SWIFT_STANDARD_LIBRARIES = YES;
				INFOPLIST_FILE = FirstSwiftUITests/Info.plist;
				LD_RUNPATH_SEARCH_PATHS = "$(inherited) @executable_path/Frameworks @loader_path/Frameworks";
				PRODUCT_BUNDLE_IDENTIFIER = com.chendehui.FirstSwiftUITests;
				PRODUCT_NAME = "$(TARGET_NAME)";
				SWIFT_VERSION = 3.0;
				TEST_TARGET_NAME = FirstSwift;
			};
			name = Release;
		};
/* End XCBuildConfiguration section */

/* Begin XCConfigurationList section */
		25E13F751EB6550F00581F9D /* Build configuration list for PBXProject "FirstSwift" */ = {
			isa = XCConfigurationList;
			buildConfigurations = (
				25E13FA01EB6550F00581F9D /* Debug */,
				25E13FA11EB6550F00581F9D /* Release */,
			);
			defaultConfigurationIsVisible = 0;
			defaultConfigurationName = Release;
		};
		25E13FA21EB6550F00581F9D /* Build configuration list for PBXNativeTarget "FirstSwift" */ = {
			isa = XCConfigurationList;
			buildConfigurations = (
				25E13FA31EB6550F00581F9D /* Debug */,
				25E13FA41EB6550F00581F9D /* Release */,
			);
			defaultConfigurationIsVisible = 0;
		};
		25E13FA51EB6550F00581F9D /* Build configuration list for PBXNativeTarget "FirstSwiftTests" */ = {
			isa = XCConfigurationList;
			buildConfigurations = (
				25E13FA61EB6550F00581F9D /* Debug */,
				25E13FA71EB6550F00581F9D /* Release */,
			);
			defaultConfigurationIsVisible = 0;
		};
		25E13FA81EB6550F00581F9D /* Build configuration list for PBXNativeTarget "FirstSwiftUITests" */ = {
			isa = XCConfigurationList;
			buildConfigurations = (
				25E13FA91EB6550F00581F9D /* Debug */,
				25E13FAA1EB6550F00581F9D /* Release */,
			);
			defaultConfigurationIsVisible = 0;
		};
/* End XCConfigurationList section */
	};
	rootObject = 25E13F721EB6550F00581F9D /* Project object */;
}
